{
  "name": "aiermei-wechatapp",
  "version": "1.0.0",
  "lockfileVersion": 3,
  "requires": true,
  "packages": {
    "": {
      "name": "aiermei-wechatapp",
      "version": "1.0.0",
      "devDependencies": {
        "@dcloudio/types": "^3.4.30"
      }
    },
    "node_modules/@dcloudio/types": {
      "version": "3.4.30",
      "resolved": "https://registry.npmmirror.com/@dcloudio/types/-/types-3.4.30.tgz",
      "integrity": "sha512-qUSRM4x8ekdtZHpYaz0gUd2+wDBeCo3jWmhc+hqX8hUx0KoModW8dI7FJQYMfMGRF2F/gbvy9LWUyV50M7VF6g==",
      "dev": true,
      "license": "Apache-2.0"
    }
  }
}
